
Microsoft Visual Studio Solution File, Format Version 11.00
# Visual Studio 2010
Project("{FAE04EC0-301F-11D3-BF4B-00C04F79EFBC}") = "Assembly-CSharp", "Assembly-CSharp.csproj", "{b68dd68d-0c16-13ad-b356-bba2c81b5645}"
EndProject
Project("{FAE04EC0-301F-11D3-BF4B-00C04F79EFBC}") = "Assembly-CSharp-Editor", "Assembly-CSharp-Editor.csproj", "{09516a8c-7e75-8ce8-2b88-d32fdd3e2d38}"
EndProject
Global
	GlobalSection(SolutionConfigurationPlatforms) = preSolution
		Debug|Any CPU = Debug|Any CPU
	EndGlobalSection
	GlobalSection(ProjectConfigurationPlatforms) = postSolution
		{b68dd68d-0c16-13ad-b356-bba2c81b5645}.Debug|Any CPU.ActiveCfg = Debug|Any CPU
		{b68dd68d-0c16-13ad-b356-bba2c81b5645}.Debug|Any CPU.Build.0 = Debug|Any CPU
		{09516a8c-7e75-8ce8-2b88-d32fdd3e2d38}.Debug|Any CPU.ActiveCfg = Debug|Any CPU
		{09516a8c-7e75-8ce8-2b88-d32fdd3e2d38}.Debug|Any CPU.Build.0 = Debug|Any CPU
	EndGlobalSection
	GlobalSection(SolutionProperties) = preSolution
		HideSolutionNode = FALSE
	EndGlobalSection
EndGlobal
